
Microsoft Visual Studio Solution File, Format Version 12.00
# Visual Studio Version 16
VisualStudioVersion = 16.0.808.8
MinimumVisualStudioVersion = 10.0.40219.1
Project("{FAE04EC0-301F-11D3-BF4B-00C04F79EFBC}") = "IterationStatementsLoopsExercise", "IterationStatementsLoopsExercise\IterationStatementsLoopsExercise.csproj", "{EF2C4F81-6C41-4993-9B2F-B72BECEBB22B}"
EndProject
Global
	GlobalSection(SolutionConfigurationPlatforms) = preSolution
		Debug|Any CPU = Debug|Any CPU
		Release|Any CPU = Release|Any CPU
	EndGlobalSection
	GlobalSection(ProjectConfigurationPlatforms) = postSolution
		{EF2C4F81-6C41-4993-9B2F-B72BECEBB22B}.Debug|Any CPU.ActiveCfg = Debug|Any CPU
		{EF2C4F81-6C41-4993-9B2F-B72BECEBB22B}.Debug|Any CPU.Build.0 = Debug|Any CPU
		{EF2C4F81-6C41-4993-9B2F-B72BECEBB22B}.Release|Any CPU.ActiveCfg = Release|Any CPU
		{EF2C4F81-6C41-4993-9B2F-B72BECEBB22B}.Release|Any CPU.Build.0 = Release|Any CPU
	EndGlobalSection
	GlobalSection(SolutionProperties) = preSolution
		HideSolutionNode = FALSE
	EndGlobalSection
	GlobalSection(ExtensibilityGlobals) = postSolution
		SolutionGuid = {304DC782-36C4-4FD2-AD8C-4343B60004AE}
	EndGlobalSection
EndGlobal
