
Microsoft Visual Studio Solution File, Format Version 12.00
# Visual Studio Version 16
VisualStudioVersion = 16.0.808.8
MinimumVisualStudioVersion = 10.0.40219.1
Project("{FAE04EC0-301F-11D3-BF4B-00C04F79EFBC}") = "methodsTests", "methodsTests\methodsTests.csproj", "{36112D4F-9213-4F87-BA96-91FF497EBDC6}"
EndProject
Global
	GlobalSection(SolutionConfigurationPlatforms) = preSolution
		Debug|Any CPU = Debug|Any CPU
		Release|Any CPU = Release|Any CPU
	EndGlobalSection
	GlobalSection(ProjectConfigurationPlatforms) = postSolution
		{36112D4F-9213-4F87-BA96-91FF497EBDC6}.Debug|Any CPU.ActiveCfg = Debug|Any CPU
		{36112D4F-9213-4F87-BA96-91FF497EBDC6}.Debug|Any CPU.Build.0 = Debug|Any CPU
		{36112D4F-9213-4F87-BA96-91FF497EBDC6}.Release|Any CPU.ActiveCfg = Release|Any CPU
		{36112D4F-9213-4F87-BA96-91FF497EBDC6}.Release|Any CPU.Build.0 = Release|Any CPU
	EndGlobalSection
	GlobalSection(SolutionProperties) = preSolution
		HideSolutionNode = FALSE
	EndGlobalSection
	GlobalSection(ExtensibilityGlobals) = postSolution
		SolutionGuid = {AD983FE5-4543-42E6-BA3B-380E7E715E3D}
	EndGlobalSection
EndGlobal
